{
  "requires": true,
  "lockfileVersion": 1,
  "dependencies": {
    "@babel/runtime": {
      "version": "7.15.4",
      "resolved": "https://registry.npmjs.org/@babel/runtime/-/runtime-7.15.4.tgz",
      "integrity": "sha512-99catp6bHCaxr4sJ/DbTGgHS4+Rs2RVd2g7iOap6SLGPDknRK9ztKNsE/Fg6QhSeh1FGE5f6gHGQmvvn3I3xhw==",
      "requires": {
        "regenerator-runtime": "^0.13.4"
      }
    },
    "@emotion/hash": {
      "version": "0.8.0",
      "resolved": "https://registry.npmjs.org/@emotion/hash/-/hash-0.8.0.tgz",
      "integrity": "sha512-kBJtf7PH6aWwZ6fka3zQ0p6SBYzx4fl1LoZXE2RrnYST9Xljm7WfKJrU4g/Xr3Beg72MLrp1AWNUmuYJTL7Cow=="
    },
    "@juggle/resize-observer": {
      "version": "3.3.1",
      "resolved": "https://registry.npmjs.org/@juggle/resize-observer/-/resize-observer-3.3.1.tgz",
      "integrity": "sha512-zMM9Ds+SawiUkakS7y94Ymqx+S0ORzpG3frZirN3l+UlXUmSUR7hF4wxCVqW+ei94JzV5kt0uXBcoOEAuiydrw=="
    },
    "@material-ui/core": {
      "version": "4.12.3",
      "resolved": "https://registry.npmjs.org/@material-ui/core/-/core-4.12.3.tgz",
      "integrity": "sha512-sdpgI/PL56QVsEJldwEe4FFaFTLUqN+rd7sSZiRCdx2E/C7z5yK0y/khAWVBH24tXwto7I1hCzNWfJGZIYJKnw==",
      "requires": {
        "@babel/runtime": "^7.4.4",
        "@material-ui/styles": "^4.11.4",
        "@material-ui/system": "^4.12.1",
        "@material-ui/types": "5.1.0",
        "@material-ui/utils": "^4.11.2",
        "@types/react-transition-group": "^4.2.0",
        "clsx": "^1.0.4",
        "hoist-non-react-statics": "^3.3.2",
        "popper.js": "1.16.1-lts",
        "prop-types": "^15.7.2",
        "react-is": "^16.8.0 || ^17.0.0",
        "react-transition-group": "^4.4.0"
      }
    },
    "@material-ui/styles": {
      "version": "4.11.4",
      "resolved": "https://registry.npmjs.org/@material-ui/styles/-/styles-4.11.4.tgz",
      "integrity": "sha512-KNTIZcnj/zprG5LW0Sao7zw+yG3O35pviHzejMdcSGCdWbiO8qzRgOYL8JAxAsWBKOKYwVZxXtHWaB5T2Kvxew==",
      "requires": {
        "@babel/runtime": "^7.4.4",
        "@emotion/hash": "^0.8.0",
        "@material-ui/types": "5.1.0",
        "@material-ui/utils": "^4.11.2",
        "clsx": "^1.0.4",
        "csstype": "^2.5.2",
        "hoist-non-react-statics": "^3.3.2",
        "jss": "^10.5.1",
        "jss-plugin-camel-case": "^10.5.1",
        "jss-plugin-default-unit": "^10.5.1",
        "jss-plugin-global": "^10.5.1",
        "jss-plugin-nested": "^10.5.1",
        "jss-plugin-props-sort": "^10.5.1",
        "jss-plugin-rule-value-function": "^10.5.1",
        "jss-plugin-vendor-prefixer": "^10.5.1",
        "prop-types": "^15.7.2"
      }
    },
    "@material-ui/system": {
      "version": "4.12.1",
      "resolved": "https://registry.npmjs.org/@material-ui/system/-/system-4.12.1.tgz",
      "integrity": "sha512-lUdzs4q9kEXZGhbN7BptyiS1rLNHe6kG9o8Y307HCvF4sQxbCgpL2qi+gUk+yI8a2DNk48gISEQxoxpgph0xIw==",
      "requires": {
        "@babel/runtime": "^7.4.4",
        "@material-ui/utils": "^4.11.2",
        "csstype": "^2.5.2",
        "prop-types": "^15.7.2"
      }
    },
    "@material-ui/types": {
      "version": "5.1.0",
      "resolved": "https://registry.npmjs.org/@material-ui/types/-/types-5.1.0.tgz",
      "integrity": "sha512-7cqRjrY50b8QzRSYyhSpx4WRw2YuO0KKIGQEVk5J8uoz2BanawykgZGoWEqKm7pVIbzFDN0SpPcVV4IhOFkl8A=="
    },
    "@material-ui/utils": {
      "version": "4.11.2",
      "resolved": "https://registry.npmjs.org/@material-ui/utils/-/utils-4.11.2.tgz",
      "integrity": "sha512-Uul8w38u+PICe2Fg2pDKCaIG7kOyhowZ9vjiC1FsVwPABTW8vPPKfF6OvxRq3IiBaI1faOJmgdvMG7rMJARBhA==",
      "requires": {
        "@babel/runtime": "^7.4.4",
        "prop-types": "^15.7.2",
        "react-is": "^16.8.0 || ^17.0.0"
      }
    },
    "@react-md/alert": {
      "version": "3.1.0",
      "resolved": "https://registry.npmjs.org/@react-md/alert/-/alert-3.1.0.tgz",
      "integrity": "sha512-XBA5M0EwvGNXZY5MIsBppDVUd+bEl1bq8rdL+wqJUn0sesWn+QX9YnAjNa5b7hmhnn3Gsk/yCXwFsoz8jl155Q==",
      "requires": {
        "@react-md/button": "^3.1.0",
        "@react-md/elevation": "^3.1.0",
        "@react-md/portal": "^3.1.0",
        "@react-md/theme": "^3.1.0",
        "@react-md/transition": "^3.1.0",
        "@react-md/typography": "^3.1.0",
        "@react-md/utils": "^3.1.0",
        "classnames": "^2.3.1",
        "prop-types": ">= 15.6",
        "react-transition-group": "^4.4.2"
      }
    },
    "@react-md/app-bar": {
      "version": "3.1.0",
      "resolved": "https://registry.npmjs.org/@react-md/app-bar/-/app-bar-3.1.0.tgz",
      "integrity": "sha512-GHa4ChQAhODEit/pbv4BrYP66SlURDQSzd5bsFEHrXX8Rtz3T6oIaO9dmXCj5BrfDf9GOtAUlf1eVrPg2pZx8g==",
      "requires": {
        "@react-md/button": "^3.1.0",
        "@react-md/elevation": "^3.1.0",
        "@react-md/icon": "^3.1.0",
        "@react-md/theme": "^3.1.0",
        "@react-md/typography": "^3.1.0",
        "@react-md/utils": "^3.1.0",
        "classnames": "^2.3.1",
        "prop-types": ">= 15.6"
      }
    },
    "@react-md/autocomplete": {
      "version": "3.1.0",
      "resolved": "https://registry.npmjs.org/@react-md/autocomplete/-/autocomplete-3.1.0.tgz",
      "integrity": "sha512-Yh5Bsu07PwjutsPxBSLG0menNME7A00vX3GV2GPTvyq5jSp/RMMK75eO+Xy6W77uj/r1frBO/n1lwPJMzkkuNg==",
      "requires": {
        "@react-md/form": "^3.1.0",
        "@react-md/list": "^3.1.0",
        "@react-md/portal": "^3.1.0",
        "@react-md/states": "^3.1.0",
        "@react-md/theme": "^3.1.0",
        "@react-md/transition": "^3.1.0",
        "@react-md/typography": "^3.1.0",
        "@react-md/utils": "^3.1.0",
        "classnames": "^2.3.1",
        "prop-types": ">= 15.6"
      }
    },
    "@react-md/avatar": {
      "version": "3.1.0",
      "resolved": "https://registry.npmjs.org/@react-md/avatar/-/avatar-3.1.0.tgz",
      "integrity": "sha512-FUULonTbVdmTns29JBgtMksPN7NS7sp+Kgv7qtZsvwGr5NiTb+xyCwvqzEg6QR2z7FUvWhDWlthKBK4rKIhRtA==",
      "requires": {
        "@react-md/icon": "^3.1.0",
        "@react-md/theme": "^3.1.0",
        "@react-md/utils": "^3.1.0",
        "classnames": "^2.3.1",
        "prop-types": ">= 15.6"
      }
    },
    "@react-md/badge": {
      "version": "3.1.0",
      "resolved": "https://registry.npmjs.org/@react-md/badge/-/badge-3.1.0.tgz",
      "integrity": "sha512-TQZ7HKD0UrX3aoxCKb+Ih3fBwIV2zNVt/lRzrnVjRzlV7le4w7TSvMbpR0/p+86rk1rbjpLA/WKWAamObZ5tlg==",
      "requires": {
        "@react-md/button": "^3.1.0",
        "@react-md/icon": "^3.1.0",
        "@react-md/theme": "^3.1.0",
        "@react-md/typography": "^3.1.0",
        "@react-md/utils": "^3.1.0",
        "classnames": "^2.3.1",
        "prop-types": ">= 15.6"
      }
    },
    "@react-md/button": {
      "version": "3.1.0",
      "resolved": "https://registry.npmjs.org/@react-md/button/-/button-3.1.0.tgz",
      "integrity": "sha512-TqSu2wq2W4P/b3c1HosytuSVsG+Gelu2ZunGnwPUza/dyfFOgVhbyLNd7+ESivPtEjysPxz0+PPIDNN/vS5FAw==",
      "requires": {
        "@react-md/elevation": "^3.1.0",
        "@react-md/icon": "^3.1.0",
        "@react-md/states": "^3.1.0",
        "@react-md/theme": "^3.1.0",
        "@react-md/transition": "^3.1.0",
        "@react-md/typography": "^3.1.0",
        "@react-md/utils": "^3.1.0",
        "classnames": "^2.3.1",
        "prop-types": ">= 15.6"
      }
    },
    "@react-md/card": {
      "version": "3.1.0",
      "resolved": "https://registry.npmjs.org/@react-md/card/-/card-3.1.0.tgz",
      "integrity": "sha512-ueKgrlWuQInotHK8HLPc2KUi67r6Xk8Ap1ZDYqaXIpWuXZnJIUMklxvs/cOK6YkEZhb2gVWfPykaCZB/Ey+FFA==",
      "requires": {
        "@react-md/divider": "^3.1.0",
        "@react-md/elevation": "^3.1.0",
        "@react-md/icon": "^3.1.0",
        "@react-md/states": "^3.1.0",
        "@react-md/theme": "^3.1.0",
        "@react-md/typography": "^3.1.0",
        "@react-md/utils": "^3.1.0",
        "classnames": "^2.3.1",
        "prop-types": ">= 15.6"
      }
    },
    "@react-md/chip": {
      "version": "3.1.0",
      "resolved": "https://registry.npmjs.org/@react-md/chip/-/chip-3.1.0.tgz",
      "integrity": "sha512-e4RoajScPrwh1sCTyOyzNlV9jlvrVn7CkeVyBXqvwnKY2z8Co8eUk2ow5Nc7nxjcWJzFJGVpY6eXGY9599Kruw==",
      "requires": {
        "@react-md/elevation": "^3.1.0",
        "@react-md/icon": "^3.1.0",
        "@react-md/states": "^3.1.0",
        "@react-md/theme": "^3.1.0",
        "@react-md/typography": "^3.1.0",
        "@react-md/utils": "^3.1.0",
        "classnames": "^2.3.1",
        "prop-types": ">= 15.6"
      }
    },
    "@react-md/dialog": {
      "version": "3.1.0",
      "resolved": "https://registry.npmjs.org/@react-md/dialog/-/dialog-3.1.0.tgz",
      "integrity": "sha512-nNaT1F2erxJoibCbWVYMLgrkBPKK+oofm2EnmeC3fgMmSjL2KnhCYU2jZn++z5+u3VJQeCD01RSE7vpDKqYFdA==",
      "requires": {
        "@react-md/app-bar": "^3.1.0",
        "@react-md/elevation": "^3.1.0",
        "@react-md/overlay": "^3.1.0",
        "@react-md/portal": "^3.1.0",
        "@react-md/theme": "^3.1.0",
        "@react-md/transition": "^3.1.0",
        "@react-md/typography": "^3.1.0",
        "@react-md/utils": "^3.1.0",
        "classnames": "^2.3.1",
        "prop-types": ">= 15.6",
        "react-transition-group": "^4.4.2"
      }
    },
    "@react-md/divider": {
      "version": "3.1.0",
      "resolved": "https://registry.npmjs.org/@react-md/divider/-/divider-3.1.0.tgz",
      "integrity": "sha512-xN1JLDiNG2Lsm60ZBoa+dGfeftONOr8vimuWLyVTSAASLqtoyiBouLsA7JJmSStAit1OzDEPhQ+MVlVf5zdC/A==",
      "requires": {
        "@react-md/theme": "^3.1.0",
        "@react-md/utils": "^3.1.0",
        "classnames": "^2.3.1",
        "prop-types": ">= 15.6"
      }
    },
    "@react-md/elevation": {
      "version": "3.1.0",
      "resolved": "https://registry.npmjs.org/@react-md/elevation/-/elevation-3.1.0.tgz",
      "integrity": "sha512-wdTYUTP0//KfBCg/V/bm+yNIhTq8Y2GZLr3h+Q/MAeAq7+r2vSyElfPI5s7U6soGQTBC2O46ykc5U0a4iBlrLg==",
      "requires": {
        "@react-md/theme": "^3.1.0",
        "@react-md/transition": "^3.1.0",
        "@react-md/utils": "^3.1.0"
      }
    },
    "@react-md/expansion-panel": {
      "version": "3.1.0",
      "resolved": "https://registry.npmjs.org/@react-md/expansion-panel/-/expansion-panel-3.1.0.tgz",
      "integrity": "sha512-bDhSwRvXlsgIO9MqGRuzm2xIjxeOwvOKe5f8KT0qb+1XNZPHkJfNeltJOwxkqSvg6SpSrMQSfklbXIFLcySI3w==",
      "requires": {
        "@react-md/button": "^3.1.0",
        "@react-md/card": "^3.1.0",
        "@react-md/icon": "^3.1.0",
        "@react-md/theme": "^3.1.0",
        "@react-md/transition": "^3.1.0",
        "@react-md/utils": "^3.1.0",
        "classnames": "^2.3.1",
        "prop-types": ">= 15.6"
      }
    },
    "@react-md/form": {
      "version": "3.1.0",
      "resolved": "https://registry.npmjs.org/@react-md/form/-/form-3.1.0.tgz",
      "integrity": "sha512-a9sE+/k8XEHMW5eUvW2UU78cglsQP22mUouIX4NHigFtZGXl3XJ40PwlSiRZBs8Ykhyyc4ZnQ41QP3WiTG+cUw==",
      "requires": {
        "@react-md/button": "^3.1.0",
        "@react-md/icon": "^3.1.0",
        "@react-md/list": "^3.1.0",
        "@react-md/portal": "^3.1.0",
        "@react-md/progress": "^3.1.0",
        "@react-md/states": "^3.1.0",
        "@react-md/theme": "^3.1.0",
        "@react-md/tooltip": "^3.1.0",
        "@react-md/transition": "^3.1.0",
        "@react-md/typography": "^3.1.0",
        "@react-md/utils": "^3.1.0",
        "classnames": "^2.3.1",
        "nanoid": "^3.1.23",
        "prop-types": ">= 15.6"
      }
    },
    "@react-md/icon": {
      "version": "3.1.0",
      "resolved": "https://registry.npmjs.org/@react-md/icon/-/icon-3.1.0.tgz",
      "integrity": "sha512-sNzKRYrjVIYSZ1/G8vCz6x3bQKbgWLRUN/j8OwZYPaMGLZtng6MR2xR8iMws3p5csLindxuXcHZEUz1OiltpdQ==",
      "requires": {
        "@react-md/theme": "^3.1.0",
        "@react-md/typography": "^3.1.0",
        "@react-md/utils": "^3.1.0",
        "classnames": "^2.3.1",
        "prop-types": ">= 15.6"
      }
    },
    "@react-md/layout": {
      "version": "3.1.0",
      "resolved": "https://registry.npmjs.org/@react-md/layout/-/layout-3.1.0.tgz",
      "integrity": "sha512-TaUn5vobb2S9mkOSVoorQhmne0+GyO32cjnxi2Gadwd9sUhGURVpc196dz2x0FQn/KaklfqCmGmF7lE/9nwavA==",
      "requires": {
        "@react-md/app-bar": "^3.1.0",
        "@react-md/dialog": "^3.1.0",
        "@react-md/divider": "^3.1.0",
        "@react-md/form": "^3.1.0",
        "@react-md/icon": "^3.1.0",
        "@react-md/link": "^3.1.0",
        "@react-md/list": "^3.1.0",
        "@react-md/sheet": "^3.1.0",
        "@react-md/states": "^3.1.0",
        "@react-md/theme": "^3.1.0",
        "@react-md/tooltip": "^3.1.0",
        "@react-md/transition": "^3.1.0",
        "@react-md/tree": "^3.1.0",
        "@react-md/typography": "^3.1.0",
        "@react-md/utils": "^3.1.0",
        "classnames": "^2.3.1",
        "prop-types": ">= 15.6"
      }
    },
    "@react-md/link": {
      "version": "3.1.0",
      "resolved": "https://registry.npmjs.org/@react-md/link/-/link-3.1.0.tgz",
      "integrity": "sha512-EWshq0IbSG0Qr3PeTCHSHmPA4TEgQPPe5F+6gduyrr4sMQIxqCnwZJyALodiYbyxVOIiurGxY0FU2HLmoAEAnA==",
      "requires": {
        "@react-md/states": "^3.1.0",
        "@react-md/theme": "^3.1.0",
        "@react-md/transition": "^3.1.0",
        "@react-md/typography": "^3.1.0",
        "classnames": "^2.3.1",
        "prop-types": "^15.6.2"
      }
    },
    "@react-md/list": {
      "version": "3.1.0",
      "resolved": "https://registry.npmjs.org/@react-md/list/-/list-3.1.0.tgz",
      "integrity": "sha512-DldEi1pSyz53dSugovx7rktc/4m13+avb/XeYtwwj1qoe2xZXJjVVVzI44x6+bZ82FO0187MDbHhm3F4TxH0iQ==",
      "requires": {
        "@react-md/avatar": "^3.1.0",
        "@react-md/divider": "^3.1.0",
        "@react-md/icon": "^3.1.0",
        "@react-md/states": "^3.1.0",
        "@react-md/theme": "^3.1.0",
        "@react-md/typography": "^3.1.0",
        "@react-md/utils": "^3.1.0",
        "classnames": "^2.3.1",
        "prop-types": ">= 15.6"
      }
    },
    "@react-md/material-icons": {
      "version": "3.1.0",
      "resolved": "https://registry.npmjs.org/@react-md/material-icons/-/material-icons-3.1.0.tgz",
      "integrity": "sha512-uDjXAror7C89f34Uwomna0lLkl/5S9BPdyDqRuHfjnXLZyKUqsx+K4U02yyRIQETSOunAyY45tSJic0WmZSrww==",
      "requires": {
        "@react-md/icon": "^3.1.0"
      }
    },
    "@react-md/media": {
      "version": "3.1.0",
      "resolved": "https://registry.npmjs.org/@react-md/media/-/media-3.1.0.tgz",
      "integrity": "sha512-8VDS4q4LQP4esxJW3ef9mwzc+HBv9pzLW5P6Vz7kkED3G7YUjwRx7FDQXwoF1EJqAm3jAdSzBPXyfol4QDVfVA==",
      "requires": {
        "@react-md/theme": "^3.1.0",
        "@react-md/utils": "^3.1.0",
        "classnames": "^2.3.1",
        "prop-types": ">= 15.6"
      }
    },
    "@react-md/menu": {
      "version": "3.1.0",
      "resolved": "https://registry.npmjs.org/@react-md/menu/-/menu-3.1.0.tgz",
      "integrity": "sha512-omrz56VGzwM5/KdUSIgVe2LAAQ/sU1z8o1wt4zfMfrbQxFwGiHkCbm2dCZ6iScT+RVwBCzmIzn2PCPGMZiwEIg==",
      "requires": {
        "@react-md/app-bar": "^3.1.0",
        "@react-md/button": "^3.1.0",
        "@react-md/divider": "^3.1.0",
        "@react-md/elevation": "^3.1.0",
        "@react-md/icon": "^3.1.0",
        "@react-md/list": "^3.1.0",
        "@react-md/states": "^3.1.0",
        "@react-md/theme": "^3.1.0",
        "@react-md/typography": "^3.1.0",
        "@react-md/utils": "^3.1.0",
        "classnames": "^2.3.1",
        "prop-types": ">= 15.6"
      }
    },
    "@react-md/overlay": {
      "version": "3.1.0",
      "resolved": "https://registry.npmjs.org/@react-md/overlay/-/overlay-3.1.0.tgz",
      "integrity": "sha512-gK9JuCWU2zB/z9XoTlmIg2Nk5NmpGUggyR6X+msxlwT2fK0Rg9HnHVELH6WEOhOho3PZEbYG7dehppkB9J8R/g==",
      "requires": {
        "@react-md/portal": "^3.1.0",
        "@react-md/theme": "^3.1.0",
        "@react-md/transition": "^3.1.0",
        "@react-md/utils": "^3.1.0",
        "classnames": "^2.3.1",
        "prop-types": ">= 15.6",
        "react-transition-group": "^4.4.2"
      }
    },
    "@react-md/portal": {
      "version": "3.1.0",
      "resolved": "https://registry.npmjs.org/@react-md/portal/-/portal-3.1.0.tgz",
      "integrity": "sha512-frZytWCZQQmI37GOwXKBvlx0Gu/Qf+0mAoummWNEK+5cckF0Ap7/yTOyxSiEEMmSUfT+ZfZ8R/7mbXBQjaP3ZQ==",
      "requires": {
        "prop-types": ">= 15.6"
      }
    },
    "@react-md/progress": {
      "version": "3.1.0",
      "resolved": "https://registry.npmjs.org/@react-md/progress/-/progress-3.1.0.tgz",
      "integrity": "sha512-IqgvqQh+KDLJiDHUkhA6J6delglnnOp/m1PdgNKTJImxJPGXqFKKSprFc4o6+kRyTW0rClbDdCZv1yd5FIuG+w==",
      "requires": {
        "@react-md/theme": "^3.1.0",
        "@react-md/transition": "^3.1.0",
        "@react-md/utils": "^3.1.0",
        "classnames": "^2.3.1",
        "prop-types": ">= 15.6"
      }
    },
    "@react-md/sheet": {
      "version": "3.1.0",
      "resolved": "https://registry.npmjs.org/@react-md/sheet/-/sheet-3.1.0.tgz",
      "integrity": "sha512-SRA2PEWLQYgdR6gMzq79Yf+ndGA0BBlUF7KpAojErxPUK8lzErNKxZ3Qh5FgWiauN3xPgYtVL7101EK5Lwujcg==",
      "requires": {
        "@react-md/dialog": "^3.1.0",
        "@react-md/elevation": "^3.1.0",
        "@react-md/overlay": "^3.1.0",
        "@react-md/theme": "^3.1.0",
        "@react-md/transition": "^3.1.0",
        "@react-md/utils": "^3.1.0",
        "classnames": "^2.3.1",
        "prop-types": ">= 15.6"
      }
    },
    "@react-md/states": {
      "version": "3.1.0",
      "resolved": "https://registry.npmjs.org/@react-md/states/-/states-3.1.0.tgz",
      "integrity": "sha512-/APX851KnEdfDH7AVxM1T/WGT2LbjTwG21NxAQIADgDUxReKzn3NqWt0GwDs7G75eIN7UamYBGnAnHQrE2EY4g==",
      "requires": {
        "@react-md/theme": "^3.1.0",
        "@react-md/transition": "^3.1.0",
        "@react-md/utils": "^3.1.0",
        "classnames": "^2.3.1",
        "prop-types": ">= 15.6",
        "react-transition-group": "^4.4.2"
      }
    },
    "@react-md/table": {
      "version": "3.1.0",
      "resolved": "https://registry.npmjs.org/@react-md/table/-/table-3.1.0.tgz",
      "integrity": "sha512-d7ClPqjdeqLwYKnF1H/RfG84fOrlma9/YcwAR1WDHOj3JSjlo/OOg+LQ4S59C3Uip5mrTjxA+7rw99FodDOjyg==",
      "requires": {
        "@react-md/divider": "^3.1.0",
        "@react-md/form": "^3.1.0",
        "@react-md/theme": "^3.1.0",
        "@react-md/transition": "^3.1.0",
        "@react-md/typography": "^3.1.0",
        "@react-md/utils": "^3.1.0",
        "classnames": "^2.3.1",
        "prop-types": ">= 15.6"
      }
    },
    "@react-md/tabs": {
      "version": "3.1.1",
      "resolved": "https://registry.npmjs.org/@react-md/tabs/-/tabs-3.1.1.tgz",
      "integrity": "sha512-F2zkI+e1U93WF7iek69J8Jjtg9Vz/bPu8vGA3nX6fB7cv8kuG8hgArlW1Lv0ZDEjgJ+w8d+Twtf2BXQhEOXVNA==",
      "requires": {
        "@react-md/icon": "^3.1.0",
        "@react-md/states": "^3.1.0",
        "@react-md/theme": "^3.1.0",
        "@react-md/transition": "^3.1.0",
        "@react-md/typography": "^3.1.0",
        "@react-md/utils": "^3.1.0",
        "classnames": "^2.3.1",
        "prop-types": ">= 15.6",
        "react-transition-group": "^4.4.2"
      }
    },
    "@react-md/theme": {
      "version": "3.1.0",
      "resolved": "https://registry.npmjs.org/@react-md/theme/-/theme-3.1.0.tgz",
      "integrity": "sha512-sjFAqTIaoCBGmuCVHjcchMxWusghoEizKutaX4T15Nt8TqwonLs124xr+VwfL2Qsg5MF6iLQIopntlsFpox2CA==",
      "requires": {
        "@react-md/utils": "^3.1.0",
        "prop-types": ">= 15.6"
      }
    },
    "@react-md/tooltip": {
      "version": "3.1.0",
      "resolved": "https://registry.npmjs.org/@react-md/tooltip/-/tooltip-3.1.0.tgz",
      "integrity": "sha512-DLAtVopJLPysN/NWqTSdjMny1Xx+bE6Bz4HoYH+jROiIBkC75QM8Q3SoQ4xQiJKxIGuQ6h8xoLyceddj045c0Q==",
      "requires": {
        "@react-md/portal": "^3.1.0",
        "@react-md/theme": "^3.1.0",
        "@react-md/transition": "^3.1.0",
        "@react-md/typography": "^3.1.0",
        "@react-md/utils": "^3.1.0",
        "classnames": "^2.3.1",
        "prop-types": ">= 15.6",
        "react-transition-group": "^4.4.2"
      }
    },
    "@react-md/transition": {
      "version": "3.1.0",
      "resolved": "https://registry.npmjs.org/@react-md/transition/-/transition-3.1.0.tgz",
      "integrity": "sha512-O5M2v6HZYkIi5sG3drVHhYFmunQrWifBl0NONjhe+Zsmd6t1gwk+L39czFqEKJHT0zscaEVvBGftwcyKfBK1XA==",
      "requires": {
        "@react-md/portal": "^3.1.0",
        "@react-md/theme": "^3.1.0",
        "@react-md/utils": "^3.1.0",
        "@types/react-transition-group": "^4.4.2",
        "classnames": "^2.3.1",
        "prop-types": ">= 15.6",
        "react-transition-group": "^4.4.2"
      }
    },
    "@react-md/tree": {
      "version": "3.1.0",
      "resolved": "https://registry.npmjs.org/@react-md/tree/-/tree-3.1.0.tgz",
      "integrity": "sha512-Uh9ndUxVc5fp/MYyEX5ahbsSOE+EXaW/bePQTUg02KJv2dvyYGDdgSmGM5jaVq/h+by1OB7l7IizR5U9VoosMA==",
      "requires": {
        "@react-md/icon": "^3.1.0",
        "@react-md/list": "^3.1.0",
        "@react-md/theme": "^3.1.0",
        "@react-md/transition": "^3.1.0",
        "@react-md/utils": "^3.1.0",
        "classnames": "^2.3.1",
        "prop-types": ">= 15.6"
      }
    },
    "@react-md/typography": {
      "version": "3.1.0",
      "resolved": "https://registry.npmjs.org/@react-md/typography/-/typography-3.1.0.tgz",
      "integrity": "sha512-EFqQ8CbN3plckdOjmdV7SJjA0oIbUgXJmajDGMv0H7dAQCEHn8ydPGgzd/u5GOvAzEguFZW3wHOHdhrpBmw4SA==",
      "requires": {
        "@react-md/theme": "^3.1.0",
        "@react-md/utils": "^3.1.0",
        "classnames": "^2.3.1",
        "prop-types": ">= 15.6"
      }
    },
    "@react-md/utils": {
      "version": "3.1.0",
      "resolved": "https://registry.npmjs.org/@react-md/utils/-/utils-3.1.0.tgz",
      "integrity": "sha512-oijkvHkBtZTOSR7rMnB8s719bdfrjozNnZDKAEUgJOKIslQMklhFcgw5cucTBUVHzXUTB8Rs8nX7TRvZUytQxA==",
      "requires": {
        "@juggle/resize-observer": "^3.3.0",
        "classnames": "^2.3.1"
      }
    },
    "@types/prop-types": {
      "version": "15.7.4",
      "resolved": "https://registry.npmjs.org/@types/prop-types/-/prop-types-15.7.4.tgz",
      "integrity": "sha512-rZ5drC/jWjrArrS8BR6SIr4cWpW09RNTYt9AMZo3Jwwif+iacXAqgVjm0B0Bv/S1jhDXKHqRVNCbACkJ89RAnQ=="
    },
    "@types/react": {
      "version": "17.0.20",
      "resolved": "https://registry.npmjs.org/@types/react/-/react-17.0.20.tgz",
      "integrity": "sha512-wWZrPlihslrPpcKyCSlmIlruakxr57/buQN1RjlIeaaTWDLtJkTtRW429MoQJergvVKc4IWBpRhWw7YNh/7GVA==",
      "requires": {
        "@types/prop-types": "*",
        "@types/scheduler": "*",
        "csstype": "^3.0.2"
      },
      "dependencies": {
        "csstype": {
          "version": "3.0.9",
          "resolved": "https://registry.npmjs.org/csstype/-/csstype-3.0.9.tgz",
          "integrity": "sha512-rpw6JPxK6Rfg1zLOYCSwle2GFOOsnjmDYDaBwEcwoOg4qlsIVCN789VkBZDJAGi4T07gI4YSutR43t9Zz4Lzuw=="
        }
      }
    },
    "@types/react-transition-group": {
      "version": "4.4.2",
      "resolved": "https://registry.npmjs.org/@types/react-transition-group/-/react-transition-group-4.4.2.tgz",
      "integrity": "sha512-KibDWL6nshuOJ0fu8ll7QnV/LVTo3PzQ9aCPnRUYPfX7eZohHwLIdNHj7pftanREzHNP4/nJa8oeM73uSiavMQ==",
      "requires": {
        "@types/react": "*"
      }
    },
    "@types/scheduler": {
      "version": "0.16.2",
      "resolved": "https://registry.npmjs.org/@types/scheduler/-/scheduler-0.16.2.tgz",
      "integrity": "sha512-hppQEBDmlwhFAXKJX2KnWLYu5yMfi91yazPb2l+lbJiwW+wdo1gNeRA+3RgNSO39WYX2euey41KEwnqesU2Jew=="
    },
    "anymatch": {
      "version": "3.1.2",
      "resolved": "https://registry.npmjs.org/anymatch/-/anymatch-3.1.2.tgz",
      "integrity": "sha512-P43ePfOAIupkguHUycrc4qJ9kz8ZiuOUijaETwX7THt0Y/GNK7v0aa8rY816xWjZ7rJdA5XdMcpVFTKMq+RvWg==",
      "requires": {
        "normalize-path": "^3.0.0",
        "picomatch": "^2.0.4"
      }
    },
    "binary-extensions": {
      "version": "2.2.0",
      "resolved": "https://registry.npmjs.org/binary-extensions/-/binary-extensions-2.2.0.tgz",
      "integrity": "sha512-jDctJ/IVQbZoJykoeHbhXpOlNBqGNcwXJKJog42E5HDPUwQTSdjCHdihjj0DlnheQ7blbT6dHOafNAiS8ooQKA=="
    },
    "bootstrap": {
      "version": "5.1.1",
      "resolved": "https://registry.npmjs.org/bootstrap/-/bootstrap-5.1.1.tgz",
      "integrity": "sha512-/jUa4sSuDZWlDLQ1gwQQR8uoYSvLJzDd8m5o6bPKh3asLAMYVZKdRCjb1joUd5WXf0WwCNzd2EjwQQhupou0dA=="
    },
    "braces": {
      "version": "3.0.2",
      "resolved": "https://registry.npmjs.org/braces/-/braces-3.0.2.tgz",
      "integrity": "sha512-b8um+L1RzM3WDSzvhm6gIz1yfTbBt6YTlcEKAvsmqCZZFw46z626lVj9j1yEPW33H5H+lBQpZMP1k8l+78Ha0A==",
      "requires": {
        "fill-range": "^7.0.1"
      }
    },
    "chokidar": {
      "version": "3.5.2",
      "resolved": "https://registry.npmjs.org/chokidar/-/chokidar-3.5.2.tgz",
      "integrity": "sha512-ekGhOnNVPgT77r4K/U3GDhu+FQ2S8TnK/s2KbIGXi0SZWuwkZ2QNyfWdZW+TVfn84DpEP7rLeCt2UI6bJ8GwbQ==",
      "requires": {
        "anymatch": "~3.1.2",
        "braces": "~3.0.2",
        "fsevents": "~2.3.2",
        "glob-parent": "~5.1.2",
        "is-binary-path": "~2.1.0",
        "is-glob": "~4.0.1",
        "normalize-path": "~3.0.0",
        "readdirp": "~3.6.0"
      }
    },
    "classnames": {
      "version": "2.3.1",
      "resolved": "https://registry.npmjs.org/classnames/-/classnames-2.3.1.tgz",
      "integrity": "sha512-OlQdbZ7gLfGarSqxesMesDa5uz7KFbID8Kpq/SxIoNGDqY8lSYs0D+hhtBXhcdB3rcbXArFr7vlHheLk1voeNA=="
    },
    "clsx": {
      "version": "1.1.1",
      "resolved": "https://registry.npmjs.org/clsx/-/clsx-1.1.1.tgz",
      "integrity": "sha512-6/bPho624p3S2pMyvP5kKBPXnI3ufHLObBFCfgx+LkeR5lg2XYy2hqZqUf45ypD8COn2bhgGJSUE+l5dhNBieA=="
    },
    "css-vendor": {
      "version": "2.0.8",
      "resolved": "https://registry.npmjs.org/css-vendor/-/css-vendor-2.0.8.tgz",
      "integrity": "sha512-x9Aq0XTInxrkuFeHKbYC7zWY8ai7qJ04Kxd9MnvbC1uO5DagxoHQjm4JvG+vCdXOoFtCjbL2XSZfxmoYa9uQVQ==",
      "requires": {
        "@babel/runtime": "^7.8.3",
        "is-in-browser": "^1.0.2"
      }
    },
    "csstype": {
      "version": "2.6.18",
      "resolved": "https://registry.npmjs.org/csstype/-/csstype-2.6.18.tgz",
      "integrity": "sha512-RSU6Hyeg14am3Ah4VZEmeX8H7kLwEEirXe6aU2IPfKNvhXwTflK5HQRDNI0ypQXoqmm+QPyG2IaPuQE5zMwSIQ=="
    },
    "dom-helpers": {
      "version": "5.2.1",
      "resolved": "https://registry.npmjs.org/dom-helpers/-/dom-helpers-5.2.1.tgz",
      "integrity": "sha512-nRCa7CK3VTrM2NmGkIy4cbK7IZlgBE/PYMn55rrXefr5xXDP0LdtfPnblFDoVdcAfslJ7or6iqAUnx0CCGIWQA==",
      "requires": {
        "@babel/runtime": "^7.8.7",
        "csstype": "^3.0.2"
      },
      "dependencies": {
        "csstype": {
          "version": "3.0.9",
          "resolved": "https://registry.npmjs.org/csstype/-/csstype-3.0.9.tgz",
          "integrity": "sha512-rpw6JPxK6Rfg1zLOYCSwle2GFOOsnjmDYDaBwEcwoOg4qlsIVCN789VkBZDJAGi4T07gI4YSutR43t9Zz4Lzuw=="
        }
      }
    },
    "fill-range": {
      "version": "7.0.1",
      "resolved": "https://registry.npmjs.org/fill-range/-/fill-range-7.0.1.tgz",
      "integrity": "sha512-qOo9F+dMUmC2Lcb4BbVvnKJxTPjCm+RRpe4gDuGrzkL7mEVl/djYSu2OdQ2Pa302N4oqkSg9ir6jaLWJ2USVpQ==",
      "requires": {
        "to-regex-range": "^5.0.1"
      }
    },
    "fsevents": {
      "version": "2.3.2",
      "resolved": "https://registry.npmjs.org/fsevents/-/fsevents-2.3.2.tgz",
      "integrity": "sha512-xiqMQR4xAeHTuB9uWm+fFRcIOgKBMiOBP+eXiyT7jsgVCq1bkVygt00oASowB7EdtpOHaaPgKt812P9ab+DDKA==",
      "optional": true
    },
    "glob-parent": {
      "version": "5.1.2",
      "resolved": "https://registry.npmjs.org/glob-parent/-/glob-parent-5.1.2.tgz",
      "integrity": "sha512-AOIgSQCepiJYwP3ARnGx+5VnTu2HBYdzbGP45eLw1vr3zB3vZLeyed1sC9hnbcOc9/SrMyM5RPQrkGz4aS9Zow==",
      "requires": {
        "is-glob": "^4.0.1"
      }
    },
    "history": {
      "version": "4.10.1",
      "resolved": "https://registry.npmjs.org/history/-/history-4.10.1.tgz",
      "integrity": "sha512-36nwAD620w12kuzPAsyINPWJqlNbij+hpK1k9XRloDtym8mxzGYl2c17LnV6IAGB2Dmg4tEa7G7DlawS0+qjew==",
      "requires": {
        "@babel/runtime": "^7.1.2",
        "loose-envify": "^1.2.0",
        "resolve-pathname": "^3.0.0",
        "tiny-invariant": "^1.0.2",
        "tiny-warning": "^1.0.0",
        "value-equal": "^1.0.1"
      }
    },
    "hoist-non-react-statics": {
      "version": "3.3.2",
      "resolved": "https://registry.npmjs.org/hoist-non-react-statics/-/hoist-non-react-statics-3.3.2.tgz",
      "integrity": "sha512-/gGivxi8JPKWNm/W0jSmzcMPpfpPLc3dY/6GxhX2hQ9iGj3aDfklV4ET7NjKpSinLpJ5vafa9iiGIEZg10SfBw==",
      "requires": {
        "react-is": "^16.7.0"
      }
    },
    "hyphenate-style-name": {
      "version": "1.0.4",
      "resolved": "https://registry.npmjs.org/hyphenate-style-name/-/hyphenate-style-name-1.0.4.tgz",
      "integrity": "sha512-ygGZLjmXfPHj+ZWh6LwbC37l43MhfztxetbFCoYTM2VjkIUpeHgSNn7QIyVFj7YQ1Wl9Cbw5sholVJPzWvC2MQ=="
    },
    "is-binary-path": {
      "version": "2.1.0",
      "resolved": "https://registry.npmjs.org/is-binary-path/-/is-binary-path-2.1.0.tgz",
      "integrity": "sha512-ZMERYes6pDydyuGidse7OsHxtbI7WVeUEozgR/g7rd0xUimYNlvZRE/K2MgZTjWy725IfelLeVcEM97mmtRGXw==",
      "requires": {
        "binary-extensions": "^2.0.0"
      }
    },
    "is-extglob": {
      "version": "2.1.1",
      "resolved": "https://registry.npmjs.org/is-extglob/-/is-extglob-2.1.1.tgz",
      "integrity": "sha1-qIwCU1eR8C7TfHahueqXc8gz+MI="
    },
    "is-glob": {
      "version": "4.0.1",
      "resolved": "https://registry.npmjs.org/is-glob/-/is-glob-4.0.1.tgz",
      "integrity": "sha512-5G0tKtBTFImOqDnLB2hG6Bp2qcKEFduo4tZu9MT/H6NQv/ghhy30o55ufafxJ/LdH79LLs2Kfrn85TLKyA7BUg==",
      "requires": {
        "is-extglob": "^2.1.1"
      }
    },
    "is-in-browser": {
      "version": "1.1.3",
      "resolved": "https://registry.npmjs.org/is-in-browser/-/is-in-browser-1.1.3.tgz",
      "integrity": "sha1-Vv9NtoOgeMYILrldrX3GLh0E+DU="
    },
    "is-number": {
      "version": "7.0.0",
      "resolved": "https://registry.npmjs.org/is-number/-/is-number-7.0.0.tgz",
      "integrity": "sha512-41Cifkg6e8TylSpdtTpeLVMqvSBEVzTttHvERD741+pnZ8ANv0004MRL43QKPDlK9cGvNp6NZWZUBlbGXYxxng=="
    },
    "isarray": {
      "version": "0.0.1",
      "resolved": "https://registry.npmjs.org/isarray/-/isarray-0.0.1.tgz",
      "integrity": "sha1-ihis/Kmo9Bd+Cav8YDiTmwXR7t8="
    },
    "js-tokens": {
      "version": "4.0.0",
      "resolved": "https://registry.npmjs.org/js-tokens/-/js-tokens-4.0.0.tgz",
      "integrity": "sha512-RdJUflcE3cUzKiMqQgsCu06FPu9UdIJO0beYbPhHN4k6apgJtifcoCtT9bcxOpYBtpD2kCM6Sbzg4CausW/PKQ=="
    },
    "jss": {
      "version": "10.7.1",
      "resolved": "https://registry.npmjs.org/jss/-/jss-10.7.1.tgz",
      "integrity": "sha512-5QN8JSVZR6cxpZNeGfzIjqPEP+ZJwJJfZbXmeABNdxiExyO+eJJDy6WDtqTf8SDKnbL5kZllEpAP71E/Lt7PXg==",
      "requires": {
        "@babel/runtime": "^7.3.1",
        "csstype": "^3.0.2",
        "is-in-browser": "^1.1.3",
        "tiny-warning": "^1.0.2"
      },
      "dependencies": {
        "csstype": {
          "version": "3.0.9",
          "resolved": "https://registry.npmjs.org/csstype/-/csstype-3.0.9.tgz",
          "integrity": "sha512-rpw6JPxK6Rfg1zLOYCSwle2GFOOsnjmDYDaBwEcwoOg4qlsIVCN789VkBZDJAGi4T07gI4YSutR43t9Zz4Lzuw=="
        }
      }
    },
    "jss-plugin-camel-case": {
      "version": "10.7.1",
      "resolved": "https://registry.npmjs.org/jss-plugin-camel-case/-/jss-plugin-camel-case-10.7.1.tgz",
      "integrity": "sha512-+ioIyWvmAfgDCWXsQcW1NMnLBvRinOVFkSYJUgewQ6TynOcSj5F1bSU23B7z0p1iqK0PPHIU62xY1iNJD33WGA==",
      "requires": {
        "@babel/runtime": "^7.3.1",
        "hyphenate-style-name": "^1.0.3",
        "jss": "10.7.1"
      }
    },
    "jss-plugin-default-unit": {
      "version": "10.7.1",
      "resolved": "https://registry.npmjs.org/jss-plugin-default-unit/-/jss-plugin-default-unit-10.7.1.tgz",
      "integrity": "sha512-tW+dfYVNARBQb/ONzBwd8uyImigyzMiAEDai+AbH5rcHg5h3TtqhAkxx06iuZiT/dZUiFdSKlbe3q9jZGAPIwA==",
      "requires": {
        "@babel/runtime": "^7.3.1",
        "jss": "10.7.1"
      }
    },
    "jss-plugin-global": {
      "version": "10.7.1",
      "resolved": "https://registry.npmjs.org/jss-plugin-global/-/jss-plugin-global-10.7.1.tgz",
      "integrity": "sha512-FbxCnu44IkK/bw8X3CwZKmcAnJqjAb9LujlAc/aP0bMSdVa3/MugKQRyeQSu00uGL44feJJDoeXXiHOakBr/Zw==",
      "requires": {
        "@babel/runtime": "^7.3.1",
        "jss": "10.7.1"
      }
    },
    "jss-plugin-nested": {
      "version": "10.7.1",
      "resolved": "https://registry.npmjs.org/jss-plugin-nested/-/jss-plugin-nested-10.7.1.tgz",
      "integrity": "sha512-RNbICk7FlYKaJyv9tkMl7s6FFfeLA3ubNIFKvPqaWtADK0KUaPsPXVYBkAu4x1ItgsWx67xvReMrkcKA0jSXfA==",
      "requires": {
        "@babel/runtime": "^7.3.1",
        "jss": "10.7.1",
        "tiny-warning": "^1.0.2"
      }
    },
    "jss-plugin-props-sort": {
      "version": "10.7.1",
      "resolved": "https://registry.npmjs.org/jss-plugin-props-sort/-/jss-plugin-props-sort-10.7.1.tgz",
      "integrity": "sha512-eyd5FhA+J0QrpqXxO7YNF/HMSXXl4pB0EmUdY4vSJI4QG22F59vQ6AHtP6fSwhmBdQ98Qd9gjfO+RMxcE39P1A==",
      "requires": {
        "@babel/runtime": "^7.3.1",
        "jss": "10.7.1"
      }
    },
    "jss-plugin-rule-value-function": {
      "version": "10.7.1",
      "resolved": "https://registry.npmjs.org/jss-plugin-rule-value-function/-/jss-plugin-rule-value-function-10.7.1.tgz",
      "integrity": "sha512-fGAAImlbaHD3fXAHI3ooX6aRESOl5iBt3LjpVjxs9II5u9tzam7pqFUmgTcrip9VpRqYHn8J3gA7kCtm8xKwHg==",
      "requires": {
        "@babel/runtime": "^7.3.1",
        "jss": "10.7.1",
        "tiny-warning": "^1.0.2"
      }
    },
    "jss-plugin-vendor-prefixer": {
      "version": "10.7.1",
      "resolved": "https://registry.npmjs.org/jss-plugin-vendor-prefixer/-/jss-plugin-vendor-prefixer-10.7.1.tgz",
      "integrity": "sha512-1UHFmBn7hZNsHXTkLLOL8abRl8vi+D1EVzWD4WmLFj55vawHZfnH1oEz6TUf5Y61XHv0smdHabdXds6BgOXe3A==",
      "requires": {
        "@babel/runtime": "^7.3.1",
        "css-vendor": "^2.0.8",
        "jss": "10.7.1"
      }
    },
    "loose-envify": {
      "version": "1.4.0",
      "resolved": "https://registry.npmjs.org/loose-envify/-/loose-envify-1.4.0.tgz",
      "integrity": "sha512-lyuxPGr/Wfhrlem2CL/UcnUc1zcqKAImBDzukY7Y5F/yQiNdko6+fRLevlw1HgMySw7f611UIY408EtxRSoK3Q==",
      "requires": {
        "js-tokens": "^3.0.0 || ^4.0.0"
      }
    },
    "mini-create-react-context": {
      "version": "0.4.1",
      "resolved": "https://registry.npmjs.org/mini-create-react-context/-/mini-create-react-context-0.4.1.tgz",
      "integrity": "sha512-YWCYEmd5CQeHGSAKrYvXgmzzkrvssZcuuQDDeqkT+PziKGMgE+0MCCtcKbROzocGBG1meBLl2FotlRwf4gAzbQ==",
      "requires": {
        "@babel/runtime": "^7.12.1",
        "tiny-warning": "^1.0.3"
      }
    },
    "nanoid": {
      "version": "3.1.25",
      "resolved": "https://registry.npmjs.org/nanoid/-/nanoid-3.1.25.tgz",
      "integrity": "sha512-rdwtIXaXCLFAQbnfqDRnI6jaRHp9fTcYBjtFKE8eezcZ7LuLjhUaQGNeMXf1HmRoCH32CLz6XwX0TtxEOS/A3Q=="
    },
    "normalize-path": {
      "version": "3.0.0",
      "resolved": "https://registry.npmjs.org/normalize-path/-/normalize-path-3.0.0.tgz",
      "integrity": "sha512-6eZs5Ls3WtCisHWp9S2GUy8dqkpGi4BVSz3GaqiE6ezub0512ESztXUwUB6C6IKbQkY2Pnb/mD4WYojCRwcwLA=="
    },
    "object-assign": {
      "version": "4.1.1",
      "resolved": "https://registry.npmjs.org/object-assign/-/object-assign-4.1.1.tgz",
      "integrity": "sha1-IQmtx5ZYh8/AXLvUQsrIv7s2CGM="
    },
    "path-to-regexp": {
      "version": "1.8.0",
      "resolved": "https://registry.npmjs.org/path-to-regexp/-/path-to-regexp-1.8.0.tgz",
      "integrity": "sha512-n43JRhlUKUAlibEJhPeir1ncUID16QnEjNpwzNdO3Lm4ywrBpBZ5oLD0I6br9evr1Y9JTqwRtAh7JLoOzAQdVA==",
      "requires": {
        "isarray": "0.0.1"
      }
    },
    "picomatch": {
      "version": "2.3.0",
      "resolved": "https://registry.npmjs.org/picomatch/-/picomatch-2.3.0.tgz",
      "integrity": "sha512-lY1Q/PiJGC2zOv/z391WOTD+Z02bCgsFfvxoXXf6h7kv9o+WmsmzYqrAwY63sNgOxE4xEdq0WyUnXfKeBrSvYw=="
    },
    "popper.js": {
      "version": "1.16.1-lts",
      "resolved": "https://registry.npmjs.org/popper.js/-/popper.js-1.16.1-lts.tgz",
      "integrity": "sha512-Kjw8nKRl1m+VrSFCoVGPph93W/qrSO7ZkqPpTf7F4bk/sqcfWK019dWBUpE/fBOsOQY1dks/Bmcbfn1heM/IsA=="
    },
    "prop-types": {
      "version": "15.7.2",
      "resolved": "https://registry.npmjs.org/prop-types/-/prop-types-15.7.2.tgz",
      "integrity": "sha512-8QQikdH7//R2vurIJSutZ1smHYTcLpRWEOlHnzcWHmBYrOGUysKwSsrC89BCiFj3CbrfJ/nXFdJepOVrY1GCHQ==",
      "requires": {
        "loose-envify": "^1.4.0",
        "object-assign": "^4.1.1",
        "react-is": "^16.8.1"
      }
    },
    "react-is": {
      "version": "16.13.1",
      "resolved": "https://registry.npmjs.org/react-is/-/react-is-16.13.1.tgz",
      "integrity": "sha512-24e6ynE2H+OKt4kqsOvNd8kBpV65zoxbA4BVsEOB3ARVWQki/DHzaUoC5KuON/BiccDaCCTZBuOcfZs70kR8bQ=="
    },
    "react-md": {
      "version": "3.1.1",
      "resolved": "https://registry.npmjs.org/react-md/-/react-md-3.1.1.tgz",
      "integrity": "sha512-vtthVnRvGnDBdddArTqQEpsKvxku1p0n4ic3oKSmYj167wPjQrc/nvRBR+aHH77RWwTCWPBqVz0Em6ybQaC3Pg==",
      "requires": {
        "@react-md/alert": "^3.1.0",
        "@react-md/app-bar": "^3.1.0",
        "@react-md/autocomplete": "^3.1.0",
        "@react-md/avatar": "^3.1.0",
        "@react-md/badge": "^3.1.0",
        "@react-md/button": "^3.1.0",
        "@react-md/card": "^3.1.0",
        "@react-md/chip": "^3.1.0",
        "@react-md/dialog": "^3.1.0",
        "@react-md/divider": "^3.1.0",
        "@react-md/elevation": "^3.1.0",
        "@react-md/expansion-panel": "^3.1.0",
        "@react-md/form": "^3.1.0",
        "@react-md/icon": "^3.1.0",
        "@react-md/layout": "^3.1.0",
        "@react-md/link": "^3.1.0",
        "@react-md/list": "^3.1.0",
        "@react-md/material-icons": "^3.1.0",
        "@react-md/media": "^3.1.0",
        "@react-md/menu": "^3.1.0",
        "@react-md/overlay": "^3.1.0",
        "@react-md/portal": "^3.1.0",
        "@react-md/progress": "^3.1.0",
        "@react-md/sheet": "^3.1.0",
        "@react-md/states": "^3.1.0",
        "@react-md/table": "^3.1.0",
        "@react-md/tabs": "^3.1.1",
        "@react-md/theme": "^3.1.0",
        "@react-md/tooltip": "^3.1.0",
        "@react-md/transition": "^3.1.0",
        "@react-md/tree": "^3.1.0",
        "@react-md/typography": "^3.1.0",
        "@react-md/utils": "^3.1.0"
      }
    },
    "react-router": {
      "version": "5.2.1",
      "resolved": "https://registry.npmjs.org/react-router/-/react-router-5.2.1.tgz",
      "integrity": "sha512-lIboRiOtDLFdg1VTemMwud9vRVuOCZmUIT/7lUoZiSpPODiiH1UQlfXy+vPLC/7IWdFYnhRwAyNqA/+I7wnvKQ==",
      "requires": {
        "@babel/runtime": "^7.12.13",
        "history": "^4.9.0",
        "hoist-non-react-statics": "^3.1.0",
        "loose-envify": "^1.3.1",
        "mini-create-react-context": "^0.4.0",
        "path-to-regexp": "^1.7.0",
        "prop-types": "^15.6.2",
        "react-is": "^16.6.0",
        "tiny-invariant": "^1.0.2",
        "tiny-warning": "^1.0.0"
      }
    },
    "react-router-dom": {
      "version": "5.3.0",
      "resolved": "https://registry.npmjs.org/react-router-dom/-/react-router-dom-5.3.0.tgz",
      "integrity": "sha512-ObVBLjUZsphUUMVycibxgMdh5jJ1e3o+KpAZBVeHcNQZ4W+uUGGWsokurzlF4YOldQYRQL4y6yFRWM4m3svmuQ==",
      "requires": {
        "@babel/runtime": "^7.12.13",
        "history": "^4.9.0",
        "loose-envify": "^1.3.1",
        "prop-types": "^15.6.2",
        "react-router": "5.2.1",
        "tiny-invariant": "^1.0.2",
        "tiny-warning": "^1.0.0"
      }
    },
    "react-transition-group": {
      "version": "4.4.2",
      "resolved": "https://registry.npmjs.org/react-transition-group/-/react-transition-group-4.4.2.tgz",
      "integrity": "sha512-/RNYfRAMlZwDSr6z4zNKV6xu53/e2BuaBbGhbyYIXTrmgu/bGHzmqOs7mJSJBHy9Ud+ApHx3QjrkKSp1pxvlFg==",
      "requires": {
        "@babel/runtime": "^7.5.5",
        "dom-helpers": "^5.0.1",
        "loose-envify": "^1.4.0",
        "prop-types": "^15.6.2"
      }
    },
    "readdirp": {
      "version": "3.6.0",
      "resolved": "https://registry.npmjs.org/readdirp/-/readdirp-3.6.0.tgz",
      "integrity": "sha512-hOS089on8RduqdbhvQ5Z37A0ESjsqz6qnRcffsMU3495FuTdqSm+7bhJ29JvIOsBDEEnan5DPu9t3To9VRlMzA==",
      "requires": {
        "picomatch": "^2.2.1"
      }
    },
    "regenerator-runtime": {
      "version": "0.13.9",
      "resolved": "https://registry.npmjs.org/regenerator-runtime/-/regenerator-runtime-0.13.9.tgz",
      "integrity": "sha512-p3VT+cOEgxFsRRA9X4lkI1E+k2/CtnKtU4gcxyaCUreilL/vqI6CdZ3wxVUx3UOUg+gnUOQQcRI7BmSI656MYA=="
    },
    "resolve-pathname": {
      "version": "3.0.0",
      "resolved": "https://registry.npmjs.org/resolve-pathname/-/resolve-pathname-3.0.0.tgz",
      "integrity": "sha512-C7rARubxI8bXFNB/hqcp/4iUeIXJhJZvFPFPiSPRnhU5UPxzMFIl+2E6yY6c4k9giDJAhtV+enfA+G89N6Csng=="
    },
    "sass": {
      "version": "1.41.0",
      "resolved": "https://registry.npmjs.org/sass/-/sass-1.41.0.tgz",
      "integrity": "sha512-wb8nT60cjo9ZZMcHzG7TzdbFtCAmHEKWrH+zAdScPb4ZxL64WQBnGdbp5nwlenW5wJPcHva1JWmVa0h6iqA5eg==",
      "requires": {
        "chokidar": ">=3.0.0 <4.0.0"
      }
    },
    "tiny-invariant": {
      "version": "1.1.0",
      "resolved": "https://registry.npmjs.org/tiny-invariant/-/tiny-invariant-1.1.0.tgz",
      "integrity": "sha512-ytxQvrb1cPc9WBEI/HSeYYoGD0kWnGEOR8RY6KomWLBVhqz0RgTwVO9dLrGz7dC+nN9llyI7OKAgRq8Vq4ZBSw=="
    },
    "tiny-warning": {
      "version": "1.0.3",
      "resolved": "https://registry.npmjs.org/tiny-warning/-/tiny-warning-1.0.3.tgz",
      "integrity": "sha512-lBN9zLN/oAf68o3zNXYrdCt1kP8WsiGW8Oo2ka41b2IM5JL/S1CTyX1rW0mb/zSuJun0ZUrDxx4sqvYS2FWzPA=="
    },
    "to-regex-range": {
      "version": "5.0.1",
      "resolved": "https://registry.npmjs.org/to-regex-range/-/to-regex-range-5.0.1.tgz",
      "integrity": "sha512-65P7iz6X5yEr1cwcgvQxbbIw7Uk3gOy5dIdtZ4rDveLqhrdJP+Li/Hx6tyK0NEb+2GCyneCMJiGqrADCSNk8sQ==",
      "requires": {
        "is-number": "^7.0.0"
      }
    },
    "value-equal": {
      "version": "1.0.1",
      "resolved": "https://registry.npmjs.org/value-equal/-/value-equal-1.0.1.tgz",
      "integrity": "sha512-NOJ6JZCAWr0zlxZt+xqCHNTEKOsrks2HQd4MqhP1qy4z1SkbEP467eNx6TgDKXMvUOb+OENfJCZwM+16n7fRfw=="
    }
  }
}
